
Microsoft Visual Studio Solution File, Format Version 12.00
# Visual Studio Version 16
VisualStudioVersion = 16.0.29728.190
MinimumVisualStudioVersion = 10.0.40219.1
Project("{FAE04EC0-301F-11D3-BF4B-00C04F79EFBC}") = "RockPaperScissorsApp", "RockPaperScissorsApp\RockPaperScissorsApp.csproj", "{195FC5B1-04AC-406E-AC72-54A4344D752B}"
EndProject
Project("{FAE04EC0-301F-11D3-BF4B-00C04F79EFBC}") = "RPSLib", "RPSLib\RPSLib.csproj", "{CD276E7D-22A5-4A1A-BA44-9996729F4FE9}"
EndProject
Project("{FAE04EC0-301F-11D3-BF4B-00C04F79EFBC}") = "RPSTest", "RPSTest\RPSTest.csproj", "{32E8B5D6-C3FE-4B16-9C83-5C543A7F3252}"
EndProject
Global
	GlobalSection(SolutionConfigurationPlatforms) = preSolution
		Debug|Any CPU = Debug|Any CPU
		Release|Any CPU = Release|Any CPU
	EndGlobalSection
	GlobalSection(ProjectConfigurationPlatforms) = postSolution
		{195FC5B1-04AC-406E-AC72-54A4344D752B}.Debug|Any CPU.ActiveCfg = Debug|Any CPU
		{195FC5B1-04AC-406E-AC72-54A4344D752B}.Debug|Any CPU.Build.0 = Debug|Any CPU
		{195FC5B1-04AC-406E-AC72-54A4344D752B}.Release|Any CPU.ActiveCfg = Release|Any CPU
		{195FC5B1-04AC-406E-AC72-54A4344D752B}.Release|Any CPU.Build.0 = Release|Any CPU
		{CD276E7D-22A5-4A1A-BA44-9996729F4FE9}.Debug|Any CPU.ActiveCfg = Debug|Any CPU
		{CD276E7D-22A5-4A1A-BA44-9996729F4FE9}.Debug|Any CPU.Build.0 = Debug|Any CPU
		{CD276E7D-22A5-4A1A-BA44-9996729F4FE9}.Release|Any CPU.ActiveCfg = Release|Any CPU
		{CD276E7D-22A5-4A1A-BA44-9996729F4FE9}.Release|Any CPU.Build.0 = Release|Any CPU
		{32E8B5D6-C3FE-4B16-9C83-5C543A7F3252}.Debug|Any CPU.ActiveCfg = Debug|Any CPU
		{32E8B5D6-C3FE-4B16-9C83-5C543A7F3252}.Debug|Any CPU.Build.0 = Debug|Any CPU
		{32E8B5D6-C3FE-4B16-9C83-5C543A7F3252}.Release|Any CPU.ActiveCfg = Release|Any CPU
		{32E8B5D6-C3FE-4B16-9C83-5C543A7F3252}.Release|Any CPU.Build.0 = Release|Any CPU
	EndGlobalSection
	GlobalSection(SolutionProperties) = preSolution
		HideSolutionNode = FALSE
	EndGlobalSection
	GlobalSection(ExtensibilityGlobals) = postSolution
		SolutionGuid = {DBD43E26-C14F-4A9F-96C3-BAAFFE59F502}
	EndGlobalSection
EndGlobal
